
Microsoft Visual Studio Solution File, Format Version 12.00
# Visual Studio Version 16
VisualStudioVersion = 16.0.30413.136
MinimumVisualStudioVersion = 10.0.40219.1
Project("{FAE04EC0-301F-11D3-BF4B-00C04F79EFBC}") = "AM4.DATA", "AM4.DATA\AM4.DATA.csproj", "{76C2EB9B-172B-4550-8C18-863F7F4534F9}"
EndProject
Project("{FAE04EC0-301F-11D3-BF4B-00C04F79EFBC}") = "AM4.VIEW", "AM4.VIEW\AM4.VIEW.csproj", "{3E6E8654-CC00-4689-A6EA-29EB97165865}"
EndProject
Global
	GlobalSection(SolutionConfigurationPlatforms) = preSolution
		Debug|Any CPU = Debug|Any CPU
		Release|Any CPU = Release|Any CPU
	EndGlobalSection
	GlobalSection(ProjectConfigurationPlatforms) = postSolution
		{76C2EB9B-172B-4550-8C18-863F7F4534F9}.Debug|Any CPU.ActiveCfg = Debug|Any CPU
		{76C2EB9B-172B-4550-8C18-863F7F4534F9}.Debug|Any CPU.Build.0 = Debug|Any CPU
		{76C2EB9B-172B-4550-8C18-863F7F4534F9}.Release|Any CPU.ActiveCfg = Release|Any CPU
		{76C2EB9B-172B-4550-8C18-863F7F4534F9}.Release|Any CPU.Build.0 = Release|Any CPU
		{3E6E8654-CC00-4689-A6EA-29EB97165865}.Debug|Any CPU.ActiveCfg = Debug|Any CPU
		{3E6E8654-CC00-4689-A6EA-29EB97165865}.Debug|Any CPU.Build.0 = Debug|Any CPU
		{3E6E8654-CC00-4689-A6EA-29EB97165865}.Release|Any CPU.ActiveCfg = Release|Any CPU
		{3E6E8654-CC00-4689-A6EA-29EB97165865}.Release|Any CPU.Build.0 = Release|Any CPU
	EndGlobalSection
	GlobalSection(SolutionProperties) = preSolution
		HideSolutionNode = FALSE
	EndGlobalSection
	GlobalSection(ExtensibilityGlobals) = postSolution
		SolutionGuid = {E4744071-A99D-430F-9805-9A06F5C88207}
	EndGlobalSection
EndGlobal
